
Microsoft Visual Studio Solution File, Format Version 12.00
# Visual Studio Version 16
VisualStudioVersion = 16.0.32407.337
MinimumVisualStudioVersion = 10.0.40219.1
Project("{FAE04EC0-301F-11D3-BF4B-00C04F79EFBC}") = "Sfarm.Prescriptions.DataUploader", "Sfarm.Prescriptions.DataUploader.csproj", "{31FD8DBA-B293-403B-A9CB-54D6DBE98870}"
EndProject
Global
	GlobalSection(SolutionConfigurationPlatforms) = preSolution
		Debug|Any CPU = Debug|Any CPU
		Release|Any CPU = Release|Any CPU
	EndGlobalSection
	GlobalSection(ProjectConfigurationPlatforms) = postSolution
		{31FD8DBA-B293-403B-A9CB-54D6DBE98870}.Debug|Any CPU.ActiveCfg = Debug|Any CPU
		{31FD8DBA-B293-403B-A9CB-54D6DBE98870}.Debug|Any CPU.Build.0 = Debug|Any CPU
		{31FD8DBA-B293-403B-A9CB-54D6DBE98870}.Release|Any CPU.ActiveCfg = Release|Any CPU
		{31FD8DBA-B293-403B-A9CB-54D6DBE98870}.Release|Any CPU.Build.0 = Release|Any CPU
	EndGlobalSection
	GlobalSection(SolutionProperties) = preSolution
		HideSolutionNode = FALSE
	EndGlobalSection
	GlobalSection(ExtensibilityGlobals) = postSolution
		SolutionGuid = {FF6ED9A1-D57C-4167-AEDA-0BF818185326}
	EndGlobalSection
EndGlobal
